
Microsoft Visual Studio Solution File, Format Version 11.00
# Visual Studio 2010
# SharpDevelop 4.3
Project("{FAE04EC0-301F-11D3-BF4B-00C04F79EFBC}") = "Close-LCD", "Close-LCD\Close-LCD.csproj", "{B1A5CFA3-7AFF-4450-B9AB-C071D06DCACD}"
EndProject
Global
	GlobalSection(SolutionConfigurationPlatforms) = preSolution
		Debug|Any CPU = Debug|Any CPU
		Release|Any CPU = Release|Any CPU
	EndGlobalSection
	GlobalSection(ProjectConfigurationPlatforms) = postSolution
		{B1A5CFA3-7AFF-4450-B9AB-C071D06DCACD}.Debug|Any CPU.Build.0 = Debug|Any CPU
		{B1A5CFA3-7AFF-4450-B9AB-C071D06DCACD}.Debug|Any CPU.ActiveCfg = Debug|Any CPU
		{B1A5CFA3-7AFF-4450-B9AB-C071D06DCACD}.Release|Any CPU.Build.0 = Release|Any CPU
		{B1A5CFA3-7AFF-4450-B9AB-C071D06DCACD}.Release|Any CPU.ActiveCfg = Release|Any CPU
	EndGlobalSection
EndGlobal
